
Microsoft Visual Studio Solution File, Format Version 12.00
# Visual Studio Version 16
VisualStudioVersion = 16.0.31702.278
MinimumVisualStudioVersion = 10.0.40219.1
Project("{FAE04EC0-301F-11D3-BF4B-00C04F79EFBC}") = "Wpf_lab11.1", "Wpf_lab11.1\Wpf_lab11.1.csproj", "{FAC504A0-C5BD-46EC-9EB1-6678BEE54263}"
EndProject
Global
	GlobalSection(SolutionConfigurationPlatforms) = preSolution
		Debug|Any CPU = Debug|Any CPU
		Release|Any CPU = Release|Any CPU
	EndGlobalSection
	GlobalSection(ProjectConfigurationPlatforms) = postSolution
		{FAC504A0-C5BD-46EC-9EB1-6678BEE54263}.Debug|Any CPU.ActiveCfg = Debug|Any CPU
		{FAC504A0-C5BD-46EC-9EB1-6678BEE54263}.Debug|Any CPU.Build.0 = Debug|Any CPU
		{FAC504A0-C5BD-46EC-9EB1-6678BEE54263}.Release|Any CPU.ActiveCfg = Release|Any CPU
		{FAC504A0-C5BD-46EC-9EB1-6678BEE54263}.Release|Any CPU.Build.0 = Release|Any CPU
	EndGlobalSection
	GlobalSection(SolutionProperties) = preSolution
		HideSolutionNode = FALSE
	EndGlobalSection
	GlobalSection(ExtensibilityGlobals) = postSolution
		SolutionGuid = {DEE3F202-B1DC-444C-A243-33F475FAE8AF}
	EndGlobalSection
EndGlobal
